
Microsoft Visual Studio Solution File, Format Version 12.00
# Visual Studio Version 17
VisualStudioVersion = 17.4.33027.239
MinimumVisualStudioVersion = 10.0.40219.1
Project("{2150E333-8FDC-42A3-9474-1A3956D46DE8}") = "Apps", "Apps", "{7CD7FF68-9F48-4C08-9C79-7FEAFDAC0AB0}"
EndProject
Project("{2150E333-8FDC-42A3-9474-1A3956D46DE8}") = "Shared", "Shared", "{E4AD096B-755B-44A8-BE08-2A2C1E16E297}"
EndProject
Project("{2150E333-8FDC-42A3-9474-1A3956D46DE8}") = "Services", "Services", "{F4DF7AB8-D7EA-4CFA-990F-3409DF450EB5}"
EndProject
Project("{2150E333-8FDC-42A3-9474-1A3956D46DE8}") = "Libraries", "Libraries", "{DBB43DE6-3303-4D54-BCD3-0A9D860C2FEB}"
EndProject
Project("{9A19103F-16F7-4668-BE54-9A1E7A4F7556}") = "Maui.Shared", "Shared\Maui.Shared\Maui.Shared.csproj", "{68118C5E-C085-40D7-B283-5CCCB912FF4D}"
EndProject
Project("{9A19103F-16F7-4668-BE54-9A1E7A4F7556}") = "ToDo", "Apps\ToDo\ToDo.csproj", "{2AB8EB9D-ACE8-40FC-A35A-47F391A7B81E}"
EndProject
Global
	GlobalSection(SolutionConfigurationPlatforms) = preSolution
		Debug|Any CPU = Debug|Any CPU
		Release|Any CPU = Release|Any CPU
	EndGlobalSection
	GlobalSection(ProjectConfigurationPlatforms) = postSolution
		{68118C5E-C085-40D7-B283-5CCCB912FF4D}.Debug|Any CPU.ActiveCfg = Debug|Any CPU
		{68118C5E-C085-40D7-B283-5CCCB912FF4D}.Debug|Any CPU.Build.0 = Debug|Any CPU
		{68118C5E-C085-40D7-B283-5CCCB912FF4D}.Release|Any CPU.ActiveCfg = Release|Any CPU
		{68118C5E-C085-40D7-B283-5CCCB912FF4D}.Release|Any CPU.Build.0 = Release|Any CPU
		{2AB8EB9D-ACE8-40FC-A35A-47F391A7B81E}.Debug|Any CPU.ActiveCfg = Debug|Any CPU
		{2AB8EB9D-ACE8-40FC-A35A-47F391A7B81E}.Debug|Any CPU.Build.0 = Debug|Any CPU
		{2AB8EB9D-ACE8-40FC-A35A-47F391A7B81E}.Debug|Any CPU.Deploy.0 = Debug|Any CPU
		{2AB8EB9D-ACE8-40FC-A35A-47F391A7B81E}.Release|Any CPU.ActiveCfg = Release|Any CPU
		{2AB8EB9D-ACE8-40FC-A35A-47F391A7B81E}.Release|Any CPU.Build.0 = Release|Any CPU
		{2AB8EB9D-ACE8-40FC-A35A-47F391A7B81E}.Release|Any CPU.Deploy.0 = Release|Any CPU
	EndGlobalSection
	GlobalSection(SolutionProperties) = preSolution
		HideSolutionNode = FALSE
	EndGlobalSection
	GlobalSection(NestedProjects) = preSolution
		{68118C5E-C085-40D7-B283-5CCCB912FF4D} = {E4AD096B-755B-44A8-BE08-2A2C1E16E297}
		{2AB8EB9D-ACE8-40FC-A35A-47F391A7B81E} = {7CD7FF68-9F48-4C08-9C79-7FEAFDAC0AB0}
	EndGlobalSection
	GlobalSection(ExtensibilityGlobals) = postSolution
		SolutionGuid = {DAA8CAC5-A89C-40F3-9A3C-45DDEC5FA8C3}
	EndGlobalSection
EndGlobal
